{
  "name": "root",
  "requires": true,
  "lockfileVersion": 1,
  "dependencies": {
    "magic-memo": {
      "version": "1.0.3",
      "resolved": "https://registry.npmjs.org/magic-memo/-/magic-memo-1.0.3.tgz",
      "integrity": "sha512-af476sRuIxa/9Bre6W5XyZIsjLYFtxWh914R4jcDHdBezNriEI1aV7SRXmZCOtZpLgygYE4riUnSmjJHjXplUQ==",
      "dev": true
    },
    "yargs-parser": {
      "version": "20.2.1",
      "resolved": "https://registry.npmjs.org/yargs-parser/-/yargs-parser-20.2.1.tgz",
      "integrity": "sha512-yYsjuSkjbLMBp16eaOt7/siKTjNVjMm3SoJnIg3sEh/JsvqVVDyjRKmaJV4cl+lNIgq6QEco2i3gDebJl7/vLA=="
    }
  }
}
