{
  "name": "root",
  "requires": true,
  "lockfileVersion": 1,
  "dependencies": {
    "magic-memo": {
      "version": "1.0.3",
      "resolved": "https://registry.npmjs.org/magic-memo/-/magic-memo-1.0.3.tgz",
      "integrity": "sha512-af476sRuIxa/9Bre6W5XyZIsjLYFtxWh914R4jcDHdBezNriEI1aV7SRXmZCOtZpLgygYE4riUnSmjJHjXplUQ==",
      "dev": true
    }
  }
}
